// !$*UTF8*$!
{
	archiveVersion = 1;
	classes = {
	};
	objectVersion = 50;
	objects = {

/* Begin PBXBuildFile section */
		9FB84E6623CE98760088C406 /* AppDelegate.swift in Sources */ = {isa = PBXBuildFile; fileRef = 9FB84E6523CE98760088C406 /* AppDelegate.swift */; };
		9FB84E6823CE98760088C406 /* SceneDelegate.swift in Sources */ = {isa = PBXBuildFile; fileRef = 9FB84E6723CE98760088C406 /* SceneDelegate.swift */; };
		9FB84E6A23CE98760088C406 /* ViewController.swift in Sources */ = {isa = PBXBuildFile; fileRef = 9FB84E6923CE98760088C406 /* ViewController.swift */; };
		9FB84E6D23CE98760088C406 /* Main.storyboard in Resources */ = {isa = PBXBuildFile; fileRef = 9FB84E6B23CE98760088C406 /* Main.storyboard */; };
		9FB84E6F23CE98790088C406 /* Assets.xcassets in Resources */ = {isa = PBXBuildFile; fileRef = 9FB84E6E23CE98790088C406 /* Assets.xcassets */; };
		9FB84E7223CE98790088C406 /* LaunchScreen.storyboard in Resources */ = {isa = PBXBuildFile; fileRef = 9FB84E7023CE98790088C406 /* LaunchScreen.storyboard */; };
		9FB84E8023CE99AE0088C406 /* ContactView.swift in Sources */ = {isa = PBXBuildFile; fileRef = 9FB84E7E23CE99AE0088C406 /* ContactView.swift */; };
		9FB84E8123CE99AE0088C406 /* ContactView.xib in Resources */ = {isa = PBXBuildFile; fileRef = 9FB84E7F23CE99AE0088C406 /* ContactView.xib */; };
		9FB84E8423CE99CC0088C406 /* PeopleView.swift in Sources */ = {isa = PBXBuildFile; fileRef = 9FB84E8223CE99CC0088C406 /* PeopleView.swift */; };
		9FB84E8523CE99CC0088C406 /* PeopleView.xib in Resources */ = {isa = PBXBuildFile; fileRef = 9FB84E8323CE99CC0088C406 /* PeopleView.xib */; };
		9FB84E8823CE99E90088C406 /* WatchView.swift in Sources */ = {isa = PBXBuildFile; fileRef = 9FB84E8623CE99E90088C406 /* WatchView.swift */; };
		9FB84E8923CE99E90088C406 /* WatchView.xib in Resources */ = {isa = PBXBuildFile; fileRef = 9FB84E8723CE99E90088C406 /* WatchView.xib */; };
		9FB84E8C23CE9A180088C406 /* GridView.swift in Sources */ = {isa = PBXBuildFile; fileRef = 9FB84E8A23CE9A180088C406 /* GridView.swift */; };
		9FB84E8D23CE9A180088C406 /* GridView.xib in Resources */ = {isa = PBXBuildFile; fileRef = 9FB84E8B23CE9A180088C406 /* GridView.xib */; };
		9FB84E9323CEA8AE0088C406 /* CustomCellChat.swift in Sources */ = {isa = PBXBuildFile; fileRef = 9FB84E9223CEA8AE0088C406 /* CustomCellChat.swift */; };
		9FB84EBB23CF0C980088C406 /* Messenger.swift in Sources */ = {isa = PBXBuildFile; fileRef = 9FB84EBA23CF0C980088C406 /* Messenger.swift */; };
		9FB84EBD23D05D7D0088C406 /* Item.swift in Sources */ = {isa = PBXBuildFile; fileRef = 9FB84EBC23D05D7C0088C406 /* Item.swift */; };
/* End PBXBuildFile section */

/* Begin PBXFileReference section */
		9FB84E6223CE98760088C406 /* DoSomeThings.app */ = {isa = PBXFileReference; explicitFileType = wrapper.application; includeInIndex = 0; path = DoSomeThings.app; sourceTree = BUILT_PRODUCTS_DIR; };
		9FB84E6523CE98760088C406 /* AppDelegate.swift */ = {isa = PBXFileReference; lastKnownFileType = sourcecode.swift; path = AppDelegate.swift; sourceTree = "<group>"; };
		9FB84E6723CE98760088C406 /* SceneDelegate.swift */ = {isa = PBXFileReference; lastKnownFileType = sourcecode.swift; path = SceneDelegate.swift; sourceTree = "<group>"; };
		9FB84E6923CE98760088C406 /* ViewController.swift */ = {isa = PBXFileReference; lastKnownFileType = sourcecode.swift; path = ViewController.swift; sourceTree = "<group>"; };
		9FB84E6C23CE98760088C406 /* Base */ = {isa = PBXFileReference; lastKnownFileType = file.storyboard; name = Base; path = Base.lproj/Main.storyboard; sourceTree = "<group>"; };
		9FB84E6E23CE98790088C406 /* Assets.xcassets */ = {isa = PBXFileReference; lastKnownFileType = folder.assetcatalog; path = Assets.xcassets; sourceTree = "<group>"; };
		9FB84E7123CE98790088C406 /* Base */ = {isa = PBXFileReference; lastKnownFileType = file.storyboard; name = Base; path = Base.lproj/LaunchScreen.storyboard; sourceTree = "<group>"; };
		9FB84E7323CE98790088C406 /* Info.plist */ = {isa = PBXFileReference; lastKnownFileType = text.plist.xml; path = Info.plist; sourceTree = "<group>"; };
		9FB84E7E23CE99AE0088C406 /* ContactView.swift */ = {isa = PBXFileReference; lastKnownFileType = sourcecode.swift; path = ContactView.swift; sourceTree = "<group>"; };
		9FB84E7F23CE99AE0088C406 /* ContactView.xib */ = {isa = PBXFileReference; lastKnownFileType = file.xib; path = ContactView.xib; sourceTree = "<group>"; };
		9FB84E8223CE99CC0088C406 /* PeopleView.swift */ = {isa = PBXFileReference; lastKnownFileType = sourcecode.swift; path = PeopleView.swift; sourceTree = "<group>"; };
		9FB84E8323CE99CC0088C406 /* PeopleView.xib */ = {isa = PBXFileReference; lastKnownFileType = file.xib; path = PeopleView.xib; sourceTree = "<group>"; };
		9FB84E8623CE99E90088C406 /* WatchView.swift */ = {isa = PBXFileReference; lastKnownFileType = sourcecode.swift; path = WatchView.swift; sourceTree = "<group>"; };
		9FB84E8723CE99E90088C406 /* WatchView.xib */ = {isa = PBXFileReference; lastKnownFileType = file.xib; path = WatchView.xib; sourceTree = "<group>"; };
		9FB84E8A23CE9A180088C406 /* GridView.swift */ = {isa = PBXFileReference; lastKnownFileType = sourcecode.swift; path = GridView.swift; sourceTree = "<group>"; };
		9FB84E8B23CE9A180088C406 /* GridView.xib */ = {isa = PBXFileReference; lastKnownFileType = file.xib; path = GridView.xib; sourceTree = "<group>"; };
		9FB84E9223CEA8AE0088C406 /* CustomCellChat.swift */ = {isa = PBXFileReference; lastKnownFileType = sourcecode.swift; path = CustomCellChat.swift; sourceTree = "<group>"; };
		9FB84EBA23CF0C980088C406 /* Messenger.swift */ = {isa = PBXFileReference; lastKnownFileType = sourcecode.swift; path = Messenger.swift; sourceTree = "<group>"; };
		9FB84EBC23D05D7C0088C406 /* Item.swift */ = {isa = PBXFileReference; lastKnownFileType = sourcecode.swift; path = Item.swift; sourceTree = "<group>"; };
/* End PBXFileReference section */

/* Begin PBXFrameworksBuildPhase section */
		9FB84E5F23CE98760088C406 /* Frameworks */ = {
			isa = PBXFrameworksBuildPhase;
			buildActionMask = 2147483647;
			files = (
			);
			runOnlyForDeploymentPostprocessing = 0;
		};
/* End PBXFrameworksBuildPhase section */

/* Begin PBXGroup section */
		9FB84E5923CE98760088C406 = {
			isa = PBXGroup;
			children = (
				9FB84E6423CE98760088C406 /* DoSomeThings */,
				9FB84E6323CE98760088C406 /* Products */,
			);
			sourceTree = "<group>";
		};
		9FB84E6323CE98760088C406 /* Products */ = {
			isa = PBXGroup;
			children = (
				9FB84E6223CE98760088C406 /* DoSomeThings.app */,
			);
			name = Products;
			sourceTree = "<group>";
		};
		9FB84E6423CE98760088C406 /* DoSomeThings */ = {
			isa = PBXGroup;
			children = (
				9FB84E6523CE98760088C406 /* AppDelegate.swift */,
				9FB84E7923CE99550088C406 /* MainScreen */,
				9FB84E6723CE98760088C406 /* SceneDelegate.swift */,
				9FB84E9223CEA8AE0088C406 /* CustomCellChat.swift */,
				9FB84E6923CE98760088C406 /* ViewController.swift */,
				9FB84E6B23CE98760088C406 /* Main.storyboard */,
				9FB84E6E23CE98790088C406 /* Assets.xcassets */,
				9FB84E7023CE98790088C406 /* LaunchScreen.storyboard */,
				9FB84E7323CE98790088C406 /* Info.plist */,
			);
			path = DoSomeThings;
			sourceTree = "<group>";
		};
		9FB84E7923CE99550088C406 /* MainScreen */ = {
			isa = PBXGroup;
			children = (
				9FB84EBA23CF0C980088C406 /* Messenger.swift */,
				9FB84EBC23D05D7C0088C406 /* Item.swift */,
				9FB84E7E23CE99AE0088C406 /* ContactView.swift */,
				9FB84E7F23CE99AE0088C406 /* ContactView.xib */,
				9FB84E8223CE99CC0088C406 /* PeopleView.swift */,
				9FB84E8323CE99CC0088C406 /* PeopleView.xib */,
				9FB84E8623CE99E90088C406 /* WatchView.swift */,
				9FB84E8723CE99E90088C406 /* WatchView.xib */,
				9FB84E8A23CE9A180088C406 /* GridView.swift */,
				9FB84E8B23CE9A180088C406 /* GridView.xib */,
			);
			path = MainScreen;
			sourceTree = "<group>";
		};
/* End PBXGroup section */

/* Begin PBXNativeTarget section */
		9FB84E6123CE98760088C406 /* DoSomeThings */ = {
			isa = PBXNativeTarget;
			buildConfigurationList = 9FB84E7623CE98790088C406 /* Build configuration list for PBXNativeTarget "DoSomeThings" */;
			buildPhases = (
				9FB84E5E23CE98760088C406 /* Sources */,
				9FB84E5F23CE98760088C406 /* Frameworks */,
				9FB84E6023CE98760088C406 /* Resources */,
			);
			buildRules = (
			);
			dependencies = (
			);
			name = DoSomeThings;
			productName = DoSomeThings;
			productReference = 9FB84E6223CE98760088C406 /* DoSomeThings.app */;
			productType = "com.apple.product-type.application";
		};
/* End PBXNativeTarget section */

/* Begin PBXProject section */
		9FB84E5A23CE98760088C406 /* Project object */ = {
			isa = PBXProject;
			attributes = {
				LastSwiftUpdateCheck = 1130;
				LastUpgradeCheck = 1130;
				ORGANIZATIONNAME = tung;
				TargetAttributes = {
					9FB84E6123CE98760088C406 = {
						CreatedOnToolsVersion = 11.3;
					};
				};
			};
			buildConfigurationList = 9FB84E5D23CE98760088C406 /* Build configuration list for PBXProject "DoSomeThings" */;
			compatibilityVersion = "Xcode 9.3";
			developmentRegion = en;
			hasScannedForEncodings = 0;
			knownRegions = (
				en,
				Base,
			);
			mainGroup = 9FB84E5923CE98760088C406;
			productRefGroup = 9FB84E6323CE98760088C406 /* Products */;
			projectDirPath = "";
			projectRoot = "";
			targets = (
				9FB84E6123CE98760088C406 /* DoSomeThings */,
			);
		};
/* End PBXProject section */

/* Begin PBXResourcesBuildPhase section */
		9FB84E6023CE98760088C406 /* Resources */ = {
			isa = PBXResourcesBuildPhase;
			buildActionMask = 2147483647;
			files = (
				9FB84E8123CE99AE0088C406 /* ContactView.xib in Resources */,
				9FB84E7223CE98790088C406 /* LaunchScreen.storyboard in Resources */,
				9FB84E6F23CE98790088C406 /* Assets.xcassets in Resources */,
				9FB84E8923CE99E90088C406 /* WatchView.xib in Resources */,
				9FB84E6D23CE98760088C406 /* Main.storyboard in Resources */,
				9FB84E8D23CE9A180088C406 /* GridView.xib in Resources */,
				9FB84E8523CE99CC0088C406 /* PeopleView.xib in Resources */,
			);
			runOnlyForDeploymentPostprocessing = 0;
		};
/* End PBXResourcesBuildPhase section */

/* Begin PBXSourcesBuildPhase section */
		9FB84E5E23CE98760088C406 /* Sources */ = {
			isa = PBXSourcesBuildPhase;
			buildActionMask = 2147483647;
			files = (
				9FB84EBD23D05D7D0088C406 /* Item.swift in Sources */,
				9FB84E6A23CE98760088C406 /* ViewController.swift in Sources */,
				9FB84E6623CE98760088C406 /* AppDelegate.swift in Sources */,
				9FB84E8C23CE9A180088C406 /* GridView.swift in Sources */,
				9FB84E8023CE99AE0088C406 /* ContactView.swift in Sources */,
				9FB84E6823CE98760088C406 /* SceneDelegate.swift in Sources */,
				9FB84E9323CEA8AE0088C406 /* CustomCellChat.swift in Sources */,
				9FB84E8423CE99CC0088C406 /* PeopleView.swift in Sources */,
				9FB84EBB23CF0C980088C406 /* Messenger.swift in Sources */,
				9FB84E8823CE99E90088C406 /* WatchView.swift in Sources */,
			);
			runOnlyForDeploymentPostprocessing = 0;
		};
/* End PBXSourcesBuildPhase section */

/* Begin PBXVariantGroup section */
		9FB84E6B23CE98760088C406 /* Main.storyboard */ = {
			isa = PBXVariantGroup;
			children = (
				9FB84E6C23CE98760088C406 /* Base */,
			);
			name = Main.storyboard;
			sourceTree = "<group>";
		};
		9FB84E7023CE98790088C406 /* LaunchScreen.storyboard */ = {
			isa = PBXVariantGroup;
			children = (
				9FB84E7123CE98790088C406 /* Base */,
			);
			name = LaunchScreen.storyboard;
			sourceTree = "<group>";
		};
/* End PBXVariantGroup section */

/* Begin XCBuildConfiguration section */
		9FB84E7423CE98790088C406 /* Debug */ = {
			isa = XCBuildConfiguration;
			buildSettings = {
				ALWAYS_SEARCH_USER_PATHS = NO;
				CLANG_ANALYZER_NONNULL = YES;
				CLANG_ANALYZER_NUMBER_OBJECT_CONVERSION = YES_AGGRESSIVE;
				CLANG_CXX_LANGUAGE_STANDARD = "gnu++14";
				CLANG_CXX_LIBRARY = "libc++";
				CLANG_ENABLE_MODULES = YES;
				CLANG_ENABLE_OBJC_ARC = YES;
				CLANG_ENABLE_OBJC_WEAK = YES;
				CLANG_WARN_BLOCK_CAPTURE_AUTORELEASING = YES;
				CLANG_WARN_BOOL_CONVERSION = YES;
				CLANG_WARN_COMMA = YES;
				CLANG_WARN_CONSTANT_CONVERSION = YES;
				CLANG_WARN_DEPRECATED_OBJC_IMPLEMENTATIONS = YES;
				CLANG_WARN_DIRECT_OBJC_ISA_USAGE = YES_ERROR;
				CLANG_WARN_DOCUMENTATION_COMMENTS = YES;
				CLANG_WARN_EMPTY_BODY = YES;
				CLANG_WARN_ENUM_CONVERSION = YES;
				CLANG_WARN_INFINITE_RECURSION = YES;
				CLANG_WARN_INT_CONVERSION = YES;
				CLANG_WARN_NON_LITERAL_NULL_CONVERSION = YES;
				CLANG_WARN_OBJC_IMPLICIT_RETAIN_SELF = YES;
				CLANG_WARN_OBJC_LITERAL_CONVERSION = YES;
				CLANG_WARN_OBJC_ROOT_CLASS = YES_ERROR;
				CLANG_WARN_RANGE_LOOP_ANALYSIS = YES;
				CLANG_WARN_STRICT_PROTOTYPES = YES;
				CLANG_WARN_SUSPICIOUS_MOVE = YES;
				CLANG_WARN_UNGUARDED_AVAILABILITY = YES_AGGRESSIVE;
				CLANG_WARN_UNREACHABLE_CODE = YES;
				CLANG_WARN__DUPLICATE_METHOD_MATCH = YES;
				COPY_PHASE_STRIP = NO;
				DEBUG_INFORMATION_FORMAT = dwarf;
				ENABLE_STRICT_OBJC_MSGSEND = YES;
				ENABLE_TESTABILITY = YES;
				GCC_C_LANGUAGE_STANDARD = gnu11;
				GCC_DYNAMIC_NO_PIC = NO;
				GCC_NO_COMMON_BLOCKS = YES;
				GCC_OPTIMIZATION_LEVEL = 0;
				GCC_PREPROCESSOR_DEFINITIONS = (
					"DEBUG=1",
					"$(inherited)",
				);
				GCC_WARN_64_TO_32_BIT_CONVERSION = YES;
				GCC_WARN_ABOUT_RETURN_TYPE = YES_ERROR;
				GCC_WARN_UNDECLARED_SELECTOR = YES;
				GCC_WARN_UNINITIALIZED_AUTOS = YES_AGGRESSIVE;
				GCC_WARN_UNUSED_FUNCTION = YES;
				GCC_WARN_UNUSED_VARIABLE = YES;
				IPHONEOS_DEPLOYMENT_TARGET = 13.2;
				MTL_ENABLE_DEBUG_INFO = INCLUDE_SOURCE;
				MTL_FAST_MATH = YES;
				ONLY_ACTIVE_ARCH = YES;
				SDKROOT = iphoneos;
				SWIFT_ACTIVE_COMPILATION_CONDITIONS = DEBUG;
				SWIFT_OPTIMIZATION_LEVEL = "-Onone";
			};
			name = Debug;
		};
		9FB84E7523CE98790088C406 /* Release */ = {
			isa = XCBuildConfiguration;
			buildSettings = {
				ALWAYS_SEARCH_USER_PATHS = NO;
				CLANG_ANALYZER_NONNULL = YES;
				CLANG_ANALYZER_NUMBER_OBJECT_CONVERSION = YES_AGGRESSIVE;
				CLANG_CXX_LANGUAGE_STANDARD = "gnu++14";
				CLANG_CXX_LIBRARY = "libc++";
				CLANG_ENABLE_MODULES = YES;
				CLANG_ENABLE_OBJC_ARC = YES;
				CLANG_ENABLE_OBJC_WEAK = YES;
				CLANG_WARN_BLOCK_CAPTURE_AUTORELEASING = YES;
				CLANG_WARN_BOOL_CONVERSION = YES;
				CLANG_WARN_COMMA = YES;
				CLANG_WARN_CONSTANT_CONVERSION = YES;
				CLANG_WARN_DEPRECATED_OBJC_IMPLEMENTATIONS = YES;
				CLANG_WARN_DIRECT_OBJC_ISA_USAGE = YES_ERROR;
				CLANG_WARN_DOCUMENTATION_COMMENTS = YES;
				CLANG_WARN_EMPTY_BODY = YES;
				CLANG_WARN_ENUM_CONVERSION = YES;
				CLANG_WARN_INFINITE_RECURSION = YES;
				CLANG_WARN_INT_CONVERSION = YES;
				CLANG_WARN_NON_LITERAL_NULL_CONVERSION = YES;
				CLANG_WARN_OBJC_IMPLICIT_RETAIN_SELF = YES;
				CLANG_WARN_OBJC_LITERAL_CONVERSION = YES;
				CLANG_WARN_OBJC_ROOT_CLASS = YES_ERROR;
				CLANG_WARN_RANGE_LOOP_ANALYSIS = YES;
				CLANG_WARN_STRICT_PROTOTYPES = YES;
				CLANG_WARN_SUSPICIOUS_MOVE = YES;
				CLANG_WARN_UNGUARDED_AVAILABILITY = YES_AGGRESSIVE;
				CLANG_WARN_UNREACHABLE_CODE = YES;
				CLANG_WARN__DUPLICATE_METHOD_MATCH = YES;
				COPY_PHASE_STRIP = NO;
				DEBUG_INFORMATION_FORMAT = "dwarf-with-dsym";
				ENABLE_NS_ASSERTIONS = NO;
				ENABLE_STRICT_OBJC_MSGSEND = YES;
				GCC_C_LANGUAGE_STANDARD = gnu11;
				GCC_NO_COMMON_BLOCKS = YES;
				GCC_WARN_64_TO_32_BIT_CONVERSION = YES;
				GCC_WARN_ABOUT_RETURN_TYPE = YES_ERROR;
				GCC_WARN_UNDECLARED_SELECTOR = YES;
				GCC_WARN_UNINITIALIZED_AUTOS = YES_AGGRESSIVE;
				GCC_WARN_UNUSED_FUNCTION = YES;
				GCC_WARN_UNUSED_VARIABLE = YES;
				IPHONEOS_DEPLOYMENT_TARGET = 13.2;
				MTL_ENABLE_DEBUG_INFO = NO;
				MTL_FAST_MATH = YES;
				SDKROOT = iphoneos;
				SWIFT_COMPILATION_MODE = wholemodule;
				SWIFT_OPTIMIZATION_LEVEL = "-O";
				VALIDATE_PRODUCT = YES;
			};
			name = Release;
		};
		9FB84E7723CE98790088C406 /* Debug */ = {
			isa = XCBuildConfiguration;
			buildSettings = {
				ASSETCATALOG_COMPILER_APPICON_NAME = AppIcon;
				CODE_SIGN_STYLE = Automatic;
				INFOPLIST_FILE = DoSomeThings/Info.plist;
				LD_RUNPATH_SEARCH_PATHS = (
					"$(inherited)",
					"@executable_path/Frameworks",
				);
				PRODUCT_BUNDLE_IDENTIFIER = com.tung.DoSomeThings;
				PRODUCT_NAME = "$(TARGET_NAME)";
				SWIFT_VERSION = 5.0;
				TARGETED_DEVICE_FAMILY = "1,2";
			};
			name = Debug;
		};
		9FB84E7823CE98790088C406 /* Release */ = {
			isa = XCBuildConfiguration;
			buildSettings = {
				ASSETCATALOG_COMPILER_APPICON_NAME = AppIcon;
				CODE_SIGN_STYLE = Automatic;
				INFOPLIST_FILE = DoSomeThings/Info.plist;
				LD_RUNPATH_SEARCH_PATHS = (
					"$(inherited)",
					"@executable_path/Frameworks",
				);
				PRODUCT_BUNDLE_IDENTIFIER = com.tung.DoSomeThings;
				PRODUCT_NAME = "$(TARGET_NAME)";
				SWIFT_VERSION = 5.0;
				TARGETED_DEVICE_FAMILY = "1,2";
			};
			name = Release;
		};
/* End XCBuildConfiguration section */

/* Begin XCConfigurationList section */
		9FB84E5D23CE98760088C406 /* Build configuration list for PBXProject "DoSomeThings" */ = {
			isa = XCConfigurationList;
			buildConfigurations = (
				9FB84E7423CE98790088C406 /* Debug */,
				9FB84E7523CE98790088C406 /* Release */,
			);
			defaultConfigurationIsVisible = 0;
			defaultConfigurationName = Release;
		};
		9FB84E7623CE98790088C406 /* Build configuration list for PBXNativeTarget "DoSomeThings" */ = {
			isa = XCConfigurationList;
			buildConfigurations = (
				9FB84E7723CE98790088C406 /* Debug */,
				9FB84E7823CE98790088C406 /* Release */,
			);
			defaultConfigurationIsVisible = 0;
			defaultConfigurationName = Release;
		};
/* End XCConfigurationList section */
	};
	rootObject = 9FB84E5A23CE98760088C406 /* Project object */;
}
